
Microsoft Visual Studio Solution File, Format Version 12.00
# Visual Studio 15
VisualStudioVersion = 15.0.27703.2035
MinimumVisualStudioVersion = 10.0.40219.1
Project("{9A19103F-16F7-4668-BE54-9A1E7A4F7556}") = "PetDesk.Paws.Client.VetSpa", "PetDesk.Paws.Client.VetSpa\PetDesk.Paws.Client.VetSpa.csproj", "{A62C5674-791F-4DF3-885D-68B5A2D66377}"
EndProject
Project("{FAE04EC0-301F-11D3-BF4B-00C04F79EFBC}") = "PetDesk.Pawss.Client.VetSpa.ActorModels", "PetDesk.Pawss.Client.VetSpa.ActorModels\PetDesk.Pawss.Client.VetSpa.ActorModels.csproj", "{BD471951-146E-45B1-A21F-70D30FBFAA26}"
EndProject
Project("{FAE04EC0-301F-11D3-BF4B-00C04F79EFBC}") = "PetDesk.Paws.Client.VetSpa.AppointmentStateService", "PetDesk.Paws.Client.VetSpa.AppointmentStateService\PetDesk.Paws.Client.VetSpa.AppointmentStateService.csproj", "{12C64DCB-D87F-4549-A898-7C1068EB5970}"
EndProject
Global
	GlobalSection(SolutionConfigurationPlatforms) = preSolution
		Debug|Any CPU = Debug|Any CPU
		Release|Any CPU = Release|Any CPU
	EndGlobalSection
	GlobalSection(ProjectConfigurationPlatforms) = postSolution
		{A62C5674-791F-4DF3-885D-68B5A2D66377}.Debug|Any CPU.ActiveCfg = Debug|Any CPU
		{A62C5674-791F-4DF3-885D-68B5A2D66377}.Debug|Any CPU.Build.0 = Debug|Any CPU
		{A62C5674-791F-4DF3-885D-68B5A2D66377}.Release|Any CPU.ActiveCfg = Release|Any CPU
		{A62C5674-791F-4DF3-885D-68B5A2D66377}.Release|Any CPU.Build.0 = Release|Any CPU
		{BD471951-146E-45B1-A21F-70D30FBFAA26}.Debug|Any CPU.ActiveCfg = Debug|Any CPU
		{BD471951-146E-45B1-A21F-70D30FBFAA26}.Debug|Any CPU.Build.0 = Debug|Any CPU
		{BD471951-146E-45B1-A21F-70D30FBFAA26}.Release|Any CPU.ActiveCfg = Release|Any CPU
		{BD471951-146E-45B1-A21F-70D30FBFAA26}.Release|Any CPU.Build.0 = Release|Any CPU
		{12C64DCB-D87F-4549-A898-7C1068EB5970}.Debug|Any CPU.ActiveCfg = Debug|Any CPU
		{12C64DCB-D87F-4549-A898-7C1068EB5970}.Debug|Any CPU.Build.0 = Debug|Any CPU
		{12C64DCB-D87F-4549-A898-7C1068EB5970}.Release|Any CPU.ActiveCfg = Release|Any CPU
		{12C64DCB-D87F-4549-A898-7C1068EB5970}.Release|Any CPU.Build.0 = Release|Any CPU
	EndGlobalSection
	GlobalSection(SolutionProperties) = preSolution
		HideSolutionNode = FALSE
	EndGlobalSection
	GlobalSection(ExtensibilityGlobals) = postSolution
		SolutionGuid = {869EB737-D8A8-4C85-BD23-197B4AF8087E}
	EndGlobalSection
EndGlobal
